// !$*UTF8*$!
{
	archiveVersion = 1;
	classes = {
	};
	objectVersion = 46;
	objects = {

/* Begin PBXBuildFile section */
		84286DAD2072116D00B1CD06 /* main.m in Sources */ = {isa = PBXBuildFile; fileRef = 84286DAC2072116D00B1CD06 /* main.m */; };
		84286DB02072116D00B1CD06 /* AppDelegate.m in Sources */ = {isa = PBXBuildFile; fileRef = 84286DAF2072116D00B1CD06 /* AppDelegate.m */; };
		84286DB62072116D00B1CD06 /* Main.storyboard in Resources */ = {isa = PBXBuildFile; fileRef = 84286DB42072116D00B1CD06 /* Main.storyboard */; };
		84286DB82072116D00B1CD06 /* Assets.xcassets in Resources */ = {isa = PBXBuildFile; fileRef = 84286DB72072116D00B1CD06 /* Assets.xcassets */; };
		84286DBB2072116D00B1CD06 /* LaunchScreen.storyboard in Resources */ = {isa = PBXBuildFile; fileRef = 84286DB92072116D00B1CD06 /* LaunchScreen.storyboard */; };
		84286DC62072116D00B1CD06 /* DYCustomClassesTests.m in Sources */ = {isa = PBXBuildFile; fileRef = 84286DC52072116D00B1CD06 /* DYCustomClassesTests.m */; };
		84286DD12072116D00B1CD06 /* DYCustomClassesUITests.m in Sources */ = {isa = PBXBuildFile; fileRef = 84286DD02072116D00B1CD06 /* DYCustomClassesUITests.m */; };
/* End PBXBuildFile section */

/* Begin PBXContainerItemProxy section */
		84286DC22072116D00B1CD06 /* PBXContainerItemProxy */ = {
			isa = PBXContainerItemProxy;
			containerPortal = 84286DA02072116D00B1CD06 /* Project object */;
			proxyType = 1;
			remoteGlobalIDString = 84286DA72072116D00B1CD06;
			remoteInfo = DYCustomClasses;
		};
		84286DCD2072116D00B1CD06 /* PBXContainerItemProxy */ = {
			isa = PBXContainerItemProxy;
			containerPortal = 84286DA02072116D00B1CD06 /* Project object */;
			proxyType = 1;
			remoteGlobalIDString = 84286DA72072116D00B1CD06;
			remoteInfo = DYCustomClasses;
		};
/* End PBXContainerItemProxy section */

/* Begin PBXFileReference section */
		84286DA82072116D00B1CD06 /* DYCustomClasses.app */ = {isa = PBXFileReference; explicitFileType = wrapper.application; includeInIndex = 0; path = DYCustomClasses.app; sourceTree = BUILT_PRODUCTS_DIR; };
		84286DAC2072116D00B1CD06 /* main.m */ = {isa = PBXFileReference; lastKnownFileType = sourcecode.c.objc; path = main.m; sourceTree = "<group>"; };
		84286DAE2072116D00B1CD06 /* AppDelegate.h */ = {isa = PBXFileReference; lastKnownFileType = sourcecode.c.h; path = AppDelegate.h; sourceTree = "<group>"; };
		84286DAF2072116D00B1CD06 /* AppDelegate.m */ = {isa = PBXFileReference; lastKnownFileType = sourcecode.c.objc; path = AppDelegate.m; sourceTree = "<group>"; };
		84286DB52072116D00B1CD06 /* Base */ = {isa = PBXFileReference; lastKnownFileType = file.storyboard; name = Base; path = Base.lproj/Main.storyboard; sourceTree = "<group>"; };
		84286DB72072116D00B1CD06 /* Assets.xcassets */ = {isa = PBXFileReference; lastKnownFileType = folder.assetcatalog; path = Assets.xcassets; sourceTree = "<group>"; };
		84286DBA2072116D00B1CD06 /* Base */ = {isa = PBXFileReference; lastKnownFileType = file.storyboard; name = Base; path = Base.lproj/LaunchScreen.storyboard; sourceTree = "<group>"; };
		84286DBC2072116D00B1CD06 /* Info.plist */ = {isa = PBXFileReference; lastKnownFileType = text.plist.xml; path = Info.plist; sourceTree = "<group>"; };
		84286DC12072116D00B1CD06 /* DYCustomClassesTests.xctest */ = {isa = PBXFileReference; explicitFileType = wrapper.cfbundle; includeInIndex = 0; path = DYCustomClassesTests.xctest; sourceTree = BUILT_PRODUCTS_DIR; };
		84286DC52072116D00B1CD06 /* DYCustomClassesTests.m */ = {isa = PBXFileReference; lastKnownFileType = sourcecode.c.objc; path = DYCustomClassesTests.m; sourceTree = "<group>"; };
		84286DC72072116D00B1CD06 /* Info.plist */ = {isa = PBXFileReference; lastKnownFileType = text.plist.xml; path = Info.plist; sourceTree = "<group>"; };
		84286DCC2072116D00B1CD06 /* DYCustomClassesUITests.xctest */ = {isa = PBXFileReference; explicitFileType = wrapper.cfbundle; includeInIndex = 0; path = DYCustomClassesUITests.xctest; sourceTree = BUILT_PRODUCTS_DIR; };
		84286DD02072116D00B1CD06 /* DYCustomClassesUITests.m */ = {isa = PBXFileReference; lastKnownFileType = sourcecode.c.objc; path = DYCustomClassesUITests.m; sourceTree = "<group>"; };
		84286DD22072116D00B1CD06 /* Info.plist */ = {isa = PBXFileReference; lastKnownFileType = text.plist.xml; path = Info.plist; sourceTree = "<group>"; };
/* End PBXFileReference section */

/* Begin PBXFrameworksBuildPhase section */
		84286DA52072116D00B1CD06 /* Frameworks */ = {
			isa = PBXFrameworksBuildPhase;
			buildActionMask = 2147483647;
			files = (
			);
			runOnlyForDeploymentPostprocessing = 0;
		};
		84286DBE2072116D00B1CD06 /* Frameworks */ = {
			isa = PBXFrameworksBuildPhase;
			buildActionMask = 2147483647;
			files = (
			);
			runOnlyForDeploymentPostprocessing = 0;
		};
		84286DC92072116D00B1CD06 /* Frameworks */ = {
			isa = PBXFrameworksBuildPhase;
			buildActionMask = 2147483647;
			files = (
			);
			runOnlyForDeploymentPostprocessing = 0;
		};
/* End PBXFrameworksBuildPhase section */

/* Begin PBXGroup section */
		84286D9F2072116D00B1CD06 = {
			isa = PBXGroup;
			children = (
				84286DAA2072116D00B1CD06 /* DYCustomClasses */,
				84286DC42072116D00B1CD06 /* DYCustomClassesTests */,
				84286DCF2072116D00B1CD06 /* DYCustomClassesUITests */,
				84286DA92072116D00B1CD06 /* Products */,
			);
			sourceTree = "<group>";
		};
		84286DA92072116D00B1CD06 /* Products */ = {
			isa = PBXGroup;
			children = (
				84286DA82072116D00B1CD06 /* DYCustomClasses.app */,
				84286DC12072116D00B1CD06 /* DYCustomClassesTests.xctest */,
				84286DCC2072116D00B1CD06 /* DYCustomClassesUITests.xctest */,
			);
			name = Products;
			sourceTree = "<group>";
		};
		84286DAA2072116D00B1CD06 /* DYCustomClasses */ = {
			isa = PBXGroup;
			children = (
				84286DAE2072116D00B1CD06 /* AppDelegate.h */,
				84286DAF2072116D00B1CD06 /* AppDelegate.m */,
				84286DB42072116D00B1CD06 /* Main.storyboard */,
				84286DB72072116D00B1CD06 /* Assets.xcassets */,
				84286DB92072116D00B1CD06 /* LaunchScreen.storyboard */,
				84286DBC2072116D00B1CD06 /* Info.plist */,
				84286DAB2072116D00B1CD06 /* Supporting Files */,
			);
			path = DYCustomClasses;
			sourceTree = "<group>";
		};
		84286DAB2072116D00B1CD06 /* Supporting Files */ = {
			isa = PBXGroup;
			children = (
				84286DAC2072116D00B1CD06 /* main.m */,
			);
			name = "Supporting Files";
			sourceTree = "<group>";
		};
		84286DC42072116D00B1CD06 /* DYCustomClassesTests */ = {
			isa = PBXGroup;
			children = (
				84286DC52072116D00B1CD06 /* DYCustomClassesTests.m */,
				84286DC72072116D00B1CD06 /* Info.plist */,
			);
			path = DYCustomClassesTests;
			sourceTree = "<group>";
		};
		84286DCF2072116D00B1CD06 /* DYCustomClassesUITests */ = {
			isa = PBXGroup;
			children = (
				84286DD02072116D00B1CD06 /* DYCustomClassesUITests.m */,
				84286DD22072116D00B1CD06 /* Info.plist */,
			);
			path = DYCustomClassesUITests;
			sourceTree = "<group>";
		};
/* End PBXGroup section */

/* Begin PBXNativeTarget section */
		84286DA72072116D00B1CD06 /* DYCustomClasses */ = {
			isa = PBXNativeTarget;
			buildConfigurationList = 84286DD52072116D00B1CD06 /* Build configuration list for PBXNativeTarget "DYCustomClasses" */;
			buildPhases = (
				84286DA42072116D00B1CD06 /* Sources */,
				84286DA52072116D00B1CD06 /* Frameworks */,
				84286DA62072116D00B1CD06 /* Resources */,
			);
			buildRules = (
			);
			dependencies = (
			);
			name = DYCustomClasses;
			productName = DYCustomClasses;
			productReference = 84286DA82072116D00B1CD06 /* DYCustomClasses.app */;
			productType = "com.apple.product-type.application";
		};
		84286DC02072116D00B1CD06 /* DYCustomClassesTests */ = {
			isa = PBXNativeTarget;
			buildConfigurationList = 84286DD82072116D00B1CD06 /* Build configuration list for PBXNativeTarget "DYCustomClassesTests" */;
			buildPhases = (
				84286DBD2072116D00B1CD06 /* Sources */,
				84286DBE2072116D00B1CD06 /* Frameworks */,
				84286DBF2072116D00B1CD06 /* Resources */,
			);
			buildRules = (
			);
			dependencies = (
				84286DC32072116D00B1CD06 /* PBXTargetDependency */,
			);
			name = DYCustomClassesTests;
			productName = DYCustomClassesTests;
			productReference = 84286DC12072116D00B1CD06 /* DYCustomClassesTests.xctest */;
			productType = "com.apple.product-type.bundle.unit-test";
		};
		84286DCB2072116D00B1CD06 /* DYCustomClassesUITests */ = {
			isa = PBXNativeTarget;
			buildConfigurationList = 84286DDB2072116D00B1CD06 /* Build configuration list for PBXNativeTarget "DYCustomClassesUITests" */;
			buildPhases = (
				84286DC82072116D00B1CD06 /* Sources */,
				84286DC92072116D00B1CD06 /* Frameworks */,
				84286DCA2072116D00B1CD06 /* Resources */,
			);
			buildRules = (
			);
			dependencies = (
				84286DCE2072116D00B1CD06 /* PBXTargetDependency */,
			);
			name = DYCustomClassesUITests;
			productName = DYCustomClassesUITests;
			productReference = 84286DCC2072116D00B1CD06 /* DYCustomClassesUITests.xctest */;
			productType = "com.apple.product-type.bundle.ui-testing";
		};
/* End PBXNativeTarget section */

/* Begin PBXProject section */
		84286DA02072116D00B1CD06 /* Project object */ = {
			isa = PBXProject;
			attributes = {
				LastUpgradeCheck = 0830;
				ORGANIZATIONNAME = YDY;
				TargetAttributes = {
					84286DA72072116D00B1CD06 = {
						CreatedOnToolsVersion = 8.3.3;
						DevelopmentTeam = M92V2T43TR;
						ProvisioningStyle = Automatic;
					};
					84286DC02072116D00B1CD06 = {
						CreatedOnToolsVersion = 8.3.3;
						DevelopmentTeam = M92V2T43TR;
						ProvisioningStyle = Automatic;
						TestTargetID = 84286DA72072116D00B1CD06;
					};
					84286DCB2072116D00B1CD06 = {
						CreatedOnToolsVersion = 8.3.3;
						DevelopmentTeam = M92V2T43TR;
						ProvisioningStyle = Automatic;
						TestTargetID = 84286DA72072116D00B1CD06;
					};
				};
			};
			buildConfigurationList = 84286DA32072116D00B1CD06 /* Build configuration list for PBXProject "DYCustomClasses" */;
			compatibilityVersion = "Xcode 3.2";
			developmentRegion = English;
			hasScannedForEncodings = 0;
			knownRegions = (
				en,
				Base,
			);
			mainGroup = 84286D9F2072116D00B1CD06;
			productRefGroup = 84286DA92072116D00B1CD06 /* Products */;
			projectDirPath = "";
			projectRoot = "";
			targets = (
				84286DA72072116D00B1CD06 /* DYCustomClasses */,
				84286DC02072116D00B1CD06 /* DYCustomClassesTests */,
				84286DCB2072116D00B1CD06 /* DYCustomClassesUITests */,
			);
		};
/* End PBXProject section */

/* Begin PBXResourcesBuildPhase section */
		84286DA62072116D00B1CD06 /* Resources */ = {
			isa = PBXResourcesBuildPhase;
			buildActionMask = 2147483647;
			files = (
				84286DBB2072116D00B1CD06 /* LaunchScreen.storyboard in Resources */,
				84286DB82072116D00B1CD06 /* Assets.xcassets in Resources */,
				84286DB62072116D00B1CD06 /* Main.storyboard in Resources */,
			);
			runOnlyForDeploymentPostprocessing = 0;
		};
		84286DBF2072116D00B1CD06 /* Resources */ = {
			isa = PBXResourcesBuildPhase;
			buildActionMask = 2147483647;
			files = (
			);
			runOnlyForDeploymentPostprocessing = 0;
		};
		84286DCA2072116D00B1CD06 /* Resources */ = {
			isa = PBXResourcesBuildPhase;
			buildActionMask = 2147483647;
			files = (
			);
			runOnlyForDeploymentPostprocessing = 0;
		};
/* End PBXResourcesBuildPhase section */

/* Begin PBXSourcesBuildPhase section */
		84286DA42072116D00B1CD06 /* Sources */ = {
			isa = PBXSourcesBuildPhase;
			buildActionMask = 2147483647;
			files = (
				84286DB02072116D00B1CD06 /* AppDelegate.m in Sources */,
				84286DAD2072116D00B1CD06 /* main.m in Sources */,
			);
			runOnlyForDeploymentPostprocessing = 0;
		};
		84286DBD2072116D00B1CD06 /* Sources */ = {
			isa = PBXSourcesBuildPhase;
			buildActionMask = 2147483647;
			files = (
				84286DC62072116D00B1CD06 /* DYCustomClassesTests.m in Sources */,
			);
			runOnlyForDeploymentPostprocessing = 0;
		};
		84286DC82072116D00B1CD06 /* Sources */ = {
			isa = PBXSourcesBuildPhase;
			buildActionMask = 2147483647;
			files = (
				84286DD12072116D00B1CD06 /* DYCustomClassesUITests.m in Sources */,
			);
			runOnlyForDeploymentPostprocessing = 0;
		};
/* End PBXSourcesBuildPhase section */

/* Begin PBXTargetDependency section */
		84286DC32072116D00B1CD06 /* PBXTargetDependency */ = {
			isa = PBXTargetDependency;
			target = 84286DA72072116D00B1CD06 /* DYCustomClasses */;
			targetProxy = 84286DC22072116D00B1CD06 /* PBXContainerItemProxy */;
		};
		84286DCE2072116D00B1CD06 /* PBXTargetDependency */ = {
			isa = PBXTargetDependency;
			target = 84286DA72072116D00B1CD06 /* DYCustomClasses */;
			targetProxy = 84286DCD2072116D00B1CD06 /* PBXContainerItemProxy */;
		};
/* End PBXTargetDependency section */

/* Begin PBXVariantGroup section */
		84286DB42072116D00B1CD06 /* Main.storyboard */ = {
			isa = PBXVariantGroup;
			children = (
				84286DB52072116D00B1CD06 /* Base */,
			);
			name = Main.storyboard;
			sourceTree = "<group>";
		};
		84286DB92072116D00B1CD06 /* LaunchScreen.storyboard */ = {
			isa = PBXVariantGroup;
			children = (
				84286DBA2072116D00B1CD06 /* Base */,
			);
			name = LaunchScreen.storyboard;
			sourceTree = "<group>";
		};
/* End PBXVariantGroup section */

/* Begin XCBuildConfiguration section */
		84286DD32072116D00B1CD06 /* Debug */ = {
			isa = XCBuildConfiguration;
			buildSettings = {
				ALWAYS_SEARCH_USER_PATHS = NO;
				CLANG_ANALYZER_NONNULL = YES;
				CLANG_ANALYZER_NUMBER_OBJECT_CONVERSION = YES_AGGRESSIVE;
				CLANG_CXX_LANGUAGE_STANDARD = "gnu++0x";
				CLANG_CXX_LIBRARY = "libc++";
				CLANG_ENABLE_MODULES = YES;
				CLANG_ENABLE_OBJC_ARC = YES;
				CLANG_WARN_BOOL_CONVERSION = YES;
				CLANG_WARN_CONSTANT_CONVERSION = YES;
				CLANG_WARN_DIRECT_OBJC_ISA_USAGE = YES_ERROR;
				CLANG_WARN_DOCUMENTATION_COMMENTS = YES;
				CLANG_WARN_EMPTY_BODY = YES;
				CLANG_WARN_ENUM_CONVERSION = YES;
				CLANG_WARN_INFINITE_RECURSION = YES;
				CLANG_WARN_INT_CONVERSION = YES;
				CLANG_WARN_OBJC_ROOT_CLASS = YES_ERROR;
				CLANG_WARN_SUSPICIOUS_MOVE = YES;
				CLANG_WARN_UNREACHABLE_CODE = YES;
				CLANG_WARN__DUPLICATE_METHOD_MATCH = YES;
				"CODE_SIGN_IDENTITY[sdk=iphoneos*]" = "iPhone Developer";
				COPY_PHASE_STRIP = NO;
				DEBUG_INFORMATION_FORMAT = dwarf;
				ENABLE_STRICT_OBJC_MSGSEND = YES;
				ENABLE_TESTABILITY = YES;
				GCC_C_LANGUAGE_STANDARD = gnu99;
				GCC_DYNAMIC_NO_PIC = NO;
				GCC_NO_COMMON_BLOCKS = YES;
				GCC_OPTIMIZATION_LEVEL = 0;
				GCC_PREPROCESSOR_DEFINITIONS = (
					"DEBUG=1",
					"$(inherited)",
				);
				GCC_WARN_64_TO_32_BIT_CONVERSION = YES;
				GCC_WARN_ABOUT_RETURN_TYPE = YES_ERROR;
				GCC_WARN_UNDECLARED_SELECTOR = YES;
				GCC_WARN_UNINITIALIZED_AUTOS = YES_AGGRESSIVE;
				GCC_WARN_UNUSED_FUNCTION = YES;
				GCC_WARN_UNUSED_VARIABLE = YES;
				IPHONEOS_DEPLOYMENT_TARGET = 10.3;
				MTL_ENABLE_DEBUG_INFO = YES;
				ONLY_ACTIVE_ARCH = YES;
				SDKROOT = iphoneos;
			};
			name = Debug;
		};
		84286DD42072116D00B1CD06 /* Release */ = {
			isa = XCBuildConfiguration;
			buildSettings = {
				ALWAYS_SEARCH_USER_PATHS = NO;
				CLANG_ANALYZER_NONNULL = YES;
				CLANG_ANALYZER_NUMBER_OBJECT_CONVERSION = YES_AGGRESSIVE;
				CLANG_CXX_LANGUAGE_STANDARD = "gnu++0x";
				CLANG_CXX_LIBRARY = "libc++";
				CLANG_ENABLE_MODULES = YES;
				CLANG_ENABLE_OBJC_ARC = YES;
				CLANG_WARN_BOOL_CONVERSION = YES;
				CLANG_WARN_CONSTANT_CONVERSION = YES;
				CLANG_WARN_DIRECT_OBJC_ISA_USAGE = YES_ERROR;
				CLANG_WARN_DOCUMENTATION_COMMENTS = YES;
				CLANG_WARN_EMPTY_BODY = YES;
				CLANG_WARN_ENUM_CONVERSION = YES;
				CLANG_WARN_INFINITE_RECURSION = YES;
				CLANG_WARN_INT_CONVERSION = YES;
				CLANG_WARN_OBJC_ROOT_CLASS = YES_ERROR;
				CLANG_WARN_SUSPICIOUS_MOVE = YES;
				CLANG_WARN_UNREACHABLE_CODE = YES;
				CLANG_WARN__DUPLICATE_METHOD_MATCH = YES;
				"CODE_SIGN_IDENTITY[sdk=iphoneos*]" = "iPhone Developer";
				COPY_PHASE_STRIP = NO;
				DEBUG_INFORMATION_FORMAT = "dwarf-with-dsym";
				ENABLE_NS_ASSERTIONS = NO;
				ENABLE_STRICT_OBJC_MSGSEND = YES;
				GCC_C_LANGUAGE_STANDARD = gnu99;
				GCC_NO_COMMON_BLOCKS = YES;
				GCC_WARN_64_TO_32_BIT_CONVERSION = YES;
				GCC_WARN_ABOUT_RETURN_TYPE = YES_ERROR;
				GCC_WARN_UNDECLARED_SELECTOR = YES;
				GCC_WARN_UNINITIALIZED_AUTOS = YES_AGGRESSIVE;
				GCC_WARN_UNUSED_FUNCTION = YES;
				GCC_WARN_UNUSED_VARIABLE = YES;
				IPHONEOS_DEPLOYMENT_TARGET = 10.3;
				MTL_ENABLE_DEBUG_INFO = NO;
				SDKROOT = iphoneos;
				VALIDATE_PRODUCT = YES;
			};
			name = Release;
		};
		84286DD62072116D00B1CD06 /* Debug */ = {
			isa = XCBuildConfiguration;
			buildSettings = {
				ASSETCATALOG_COMPILER_APPICON_NAME = AppIcon;
				DEVELOPMENT_TEAM = M92V2T43TR;
				INFOPLIST_FILE = DYCustomClasses/Info.plist;
				LD_RUNPATH_SEARCH_PATHS = "$(inherited) @executable_path/Frameworks";
				PRODUCT_BUNDLE_IDENTIFIER = com.baihe.DYCustomClasses;
				PRODUCT_NAME = "$(TARGET_NAME)";
			};
			name = Debug;
		};
		84286DD72072116D00B1CD06 /* Release */ = {
			isa = XCBuildConfiguration;
			buildSettings = {
				ASSETCATALOG_COMPILER_APPICON_NAME = AppIcon;
				DEVELOPMENT_TEAM = M92V2T43TR;
				INFOPLIST_FILE = DYCustomClasses/Info.plist;
				LD_RUNPATH_SEARCH_PATHS = "$(inherited) @executable_path/Frameworks";
				PRODUCT_BUNDLE_IDENTIFIER = com.baihe.DYCustomClasses;
				PRODUCT_NAME = "$(TARGET_NAME)";
			};
			name = Release;
		};
		84286DD92072116D00B1CD06 /* Debug */ = {
			isa = XCBuildConfiguration;
			buildSettings = {
				BUNDLE_LOADER = "$(TEST_HOST)";
				DEVELOPMENT_TEAM = M92V2T43TR;
				INFOPLIST_FILE = DYCustomClassesTests/Info.plist;
				LD_RUNPATH_SEARCH_PATHS = "$(inherited) @executable_path/Frameworks @loader_path/Frameworks";
				PRODUCT_BUNDLE_IDENTIFIER = com.baihe.DYCustomClassesTests;
				PRODUCT_NAME = "$(TARGET_NAME)";
				TEST_HOST = "$(BUILT_PRODUCTS_DIR)/DYCustomClasses.app/DYCustomClasses";
			};
			name = Debug;
		};
		84286DDA2072116D00B1CD06 /* Release */ = {
			isa = XCBuildConfiguration;
			buildSettings = {
				BUNDLE_LOADER = "$(TEST_HOST)";
				DEVELOPMENT_TEAM = M92V2T43TR;
				INFOPLIST_FILE = DYCustomClassesTests/Info.plist;
				LD_RUNPATH_SEARCH_PATHS = "$(inherited) @executable_path/Frameworks @loader_path/Frameworks";
				PRODUCT_BUNDLE_IDENTIFIER = com.baihe.DYCustomClassesTests;
				PRODUCT_NAME = "$(TARGET_NAME)";
				TEST_HOST = "$(BUILT_PRODUCTS_DIR)/DYCustomClasses.app/DYCustomClasses";
			};
			name = Release;
		};
		84286DDC2072116D00B1CD06 /* Debug */ = {
			isa = XCBuildConfiguration;
			buildSettings = {
				DEVELOPMENT_TEAM = M92V2T43TR;
				INFOPLIST_FILE = DYCustomClassesUITests/Info.plist;
				LD_RUNPATH_SEARCH_PATHS = "$(inherited) @executable_path/Frameworks @loader_path/Frameworks";
				PRODUCT_BUNDLE_IDENTIFIER = com.baihe.DYCustomClassesUITests;
				PRODUCT_NAME = "$(TARGET_NAME)";
				TEST_TARGET_NAME = DYCustomClasses;
			};
			name = Debug;
		};
		84286DDD2072116D00B1CD06 /* Release */ = {
			isa = XCBuildConfiguration;
			buildSettings = {
				DEVELOPMENT_TEAM = M92V2T43TR;
				INFOPLIST_FILE = DYCustomClassesUITests/Info.plist;
				LD_RUNPATH_SEARCH_PATHS = "$(inherited) @executable_path/Frameworks @loader_path/Frameworks";
				PRODUCT_BUNDLE_IDENTIFIER = com.baihe.DYCustomClassesUITests;
				PRODUCT_NAME = "$(TARGET_NAME)";
				TEST_TARGET_NAME = DYCustomClasses;
			};
			name = Release;
		};
/* End XCBuildConfiguration section */

/* Begin XCConfigurationList section */
		84286DA32072116D00B1CD06 /* Build configuration list for PBXProject "DYCustomClasses" */ = {
			isa = XCConfigurationList;
			buildConfigurations = (
				84286DD32072116D00B1CD06 /* Debug */,
				84286DD42072116D00B1CD06 /* Release */,
			);
			defaultConfigurationIsVisible = 0;
			defaultConfigurationName = Release;
		};
		84286DD52072116D00B1CD06 /* Build configuration list for PBXNativeTarget "DYCustomClasses" */ = {
			isa = XCConfigurationList;
			buildConfigurations = (
				84286DD62072116D00B1CD06 /* Debug */,
				84286DD72072116D00B1CD06 /* Release */,
			);
			defaultConfigurationIsVisible = 0;
		};
		84286DD82072116D00B1CD06 /* Build configuration list for PBXNativeTarget "DYCustomClassesTests" */ = {
			isa = XCConfigurationList;
			buildConfigurations = (
				84286DD92072116D00B1CD06 /* Debug */,
				84286DDA2072116D00B1CD06 /* Release */,
			);
			defaultConfigurationIsVisible = 0;
		};
		84286DDB2072116D00B1CD06 /* Build configuration list for PBXNativeTarget "DYCustomClassesUITests" */ = {
			isa = XCConfigurationList;
			buildConfigurations = (
				84286DDC2072116D00B1CD06 /* Debug */,
				84286DDD2072116D00B1CD06 /* Release */,
			);
			defaultConfigurationIsVisible = 0;
		};
/* End XCConfigurationList section */
	};
	rootObject = 84286DA02072116D00B1CD06 /* Project object */;
}
